
Microsoft Visual Studio Solution File, Format Version 12.00
# Visual Studio Version 17
VisualStudioVersion = 17.10.35013.160
MinimumVisualStudioVersion = 10.0.40219.1
Project("{FAE04EC0-301F-11D3-BF4B-00C04F79EFBC}") = "SKRIN_InsertToDBFromXML", "SKRIN_InsertToDBFromXML\SKRIN_InsertToDBFromXML.csproj", "{590B5BB5-0D58-4AB5-933D-44012F946CC2}"
EndProject
Global
	GlobalSection(SolutionConfigurationPlatforms) = preSolution
		Debug|Any CPU = Debug|Any CPU
		Release|Any CPU = Release|Any CPU
	EndGlobalSection
	GlobalSection(ProjectConfigurationPlatforms) = postSolution
		{590B5BB5-0D58-4AB5-933D-44012F946CC2}.Debug|Any CPU.ActiveCfg = Debug|Any CPU
		{590B5BB5-0D58-4AB5-933D-44012F946CC2}.Debug|Any CPU.Build.0 = Debug|Any CPU
		{590B5BB5-0D58-4AB5-933D-44012F946CC2}.Release|Any CPU.ActiveCfg = Release|Any CPU
		{590B5BB5-0D58-4AB5-933D-44012F946CC2}.Release|Any CPU.Build.0 = Release|Any CPU
	EndGlobalSection
	GlobalSection(SolutionProperties) = preSolution
		HideSolutionNode = FALSE
	EndGlobalSection
	GlobalSection(ExtensibilityGlobals) = postSolution
		SolutionGuid = {988C08F3-471E-47E8-AD5F-0CC3DED16444}
	EndGlobalSection
EndGlobal
